{
  "object": {
    "pins": [
      {
        "package": "swift-argument-parser",
        "repositoryURL": "https://github.com/apple/swift-argument-parser.git",
        "state": {
          "branch": null,
          "revision": "fd4c3b68a0c04c4c6cda27f0213c3703d50080e8",
          "version": "1.0.0"
        }
      },
      {
        "package": "SwiftSyntax",
        "repositoryURL": "https://github.com/apple/swift-syntax.git",
        "state": {
          "branch": "0.50600.0",
          "revision": "0467d94e8123071e8e6c24039aadb405318f1838",
          "version": null
        }
      }
    ]
  },
  "version": 1
}
